
Microsoft Visual Studio Solution File, Format Version 12.00
# Visual Studio Version 16
VisualStudioVersion = 16.0.30413.136
MinimumVisualStudioVersion = 10.0.40219.1
Project("{FAE04EC0-301F-11D3-BF4B-00C04F79EFBC}") = "Solidworks_Features", "Solidworks_Features\Solidworks_Features.csproj", "{51D18C66-A4E8-4D5E-9569-531217847C53}"
EndProject
Global
	GlobalSection(SolutionConfigurationPlatforms) = preSolution
		Debug|Any CPU = Debug|Any CPU
		Release|Any CPU = Release|Any CPU
	EndGlobalSection
	GlobalSection(ProjectConfigurationPlatforms) = postSolution
		{51D18C66-A4E8-4D5E-9569-531217847C53}.Debug|Any CPU.ActiveCfg = Debug|Any CPU
		{51D18C66-A4E8-4D5E-9569-531217847C53}.Debug|Any CPU.Build.0 = Debug|Any CPU
		{51D18C66-A4E8-4D5E-9569-531217847C53}.Release|Any CPU.ActiveCfg = Release|Any CPU
		{51D18C66-A4E8-4D5E-9569-531217847C53}.Release|Any CPU.Build.0 = Release|Any CPU
	EndGlobalSection
	GlobalSection(SolutionProperties) = preSolution
		HideSolutionNode = FALSE
	EndGlobalSection
	GlobalSection(ExtensibilityGlobals) = postSolution
		SolutionGuid = {4787B17F-DE75-4EC9-84B3-7B9AEE7A7B64}
	EndGlobalSection
EndGlobal
